<?xml version="1.0" encoding="utf-8"?>
<Project ToolsVersion="17.0" xmlns="http://schemas.microsoft.com/developer/msbuild/2003">
  <ItemGroup>
    <ClCompile Include="E:\trae 文件\test01\backend\src\main.cpp">
      <Filter>Source Files</Filter>
    </ClCompile>
    <ClCompile Include="E:\trae 文件\test01\backend\src\db\ConnectionPool.cpp">
      <Filter>Source Files</Filter>
    </ClCompile>
    <ClCompile Include="E:\trae 文件\test01\backend\src\cache\CacheManager.cpp">
      <Filter>Source Files</Filter>
    </ClCompile>
    <ClCompile Include="E:\trae 文件\test01\backend\src\utils\HashUtil.cpp">
      <Filter>Source Files</Filter>
    </ClCompile>
    <ClCompile Include="E:\trae 文件\test01\backend\src\service\UserService.cpp">
      <Filter>Source Files</Filter>
    </ClCompile>
    <ClCompile Include="E:\trae 文件\test01\backend\src\service\GoodsService.cpp">
      <Filter>Source Files</Filter>
    </ClCompile>
    <ClCompile Include="E:\trae 文件\test01\backend\src\service\TransactionService.cpp">
      <Filter>Source Files</Filter>
    </ClCompile>
    <ClCompile Include="E:\trae 文件\test01\backend\src\service\ConfigService.cpp">
      <Filter>Source Files</Filter>
    </ClCompile>
    <ClCompile Include="E:\trae 文件\test01\backend\src\service\StatisticsService.cpp">
      <Filter>Source Files</Filter>
    </ClCompile>
  </ItemGroup>
  <ItemGroup>
    <CustomBuild Include="E:\trae 文件\test01\backend\CMakeLists.txt" />
  </ItemGroup>
  <ItemGroup>
    <Filter Include="Source Files">
      <UniqueIdentifier>{071A90DD-567D-3200-BDC5-D4E9AC9E24A6}</UniqueIdentifier>
    </Filter>
  </ItemGroup>
</Project>
